
Microsoft Visual Studio Solution File, Format Version 12.00
# Visual Studio Version 16
VisualStudioVersion = 16.0.30225.117
MinimumVisualStudioVersion = 10.0.40219.1
Project("{FAE04EC0-301F-11D3-BF4B-00C04F79EFBC}") = "Hello1", "Hello1.csproj", "{DB676354-438E-4540-9543-92784E513143}"
EndProject
Global
	GlobalSection(SolutionConfigurationPlatforms) = preSolution
		Debug|ARM = Debug|ARM
		Debug|ARM64 = Debug|ARM64
		Debug|x64 = Debug|x64
		Debug|x86 = Debug|x86
		Release|ARM = Release|ARM
		Release|ARM64 = Release|ARM64
		Release|x64 = Release|x64
		Release|x86 = Release|x86
	EndGlobalSection
	GlobalSection(ProjectConfigurationPlatforms) = postSolution
		{DB676354-438E-4540-9543-92784E513143}.Debug|ARM.ActiveCfg = Debug|ARM
		{DB676354-438E-4540-9543-92784E513143}.Debug|ARM.Build.0 = Debug|ARM
		{DB676354-438E-4540-9543-92784E513143}.Debug|ARM.Deploy.0 = Debug|ARM
		{DB676354-438E-4540-9543-92784E513143}.Debug|ARM64.ActiveCfg = Debug|ARM64
		{DB676354-438E-4540-9543-92784E513143}.Debug|ARM64.Build.0 = Debug|ARM64
		{DB676354-438E-4540-9543-92784E513143}.Debug|ARM64.Deploy.0 = Debug|ARM64
		{DB676354-438E-4540-9543-92784E513143}.Debug|x64.ActiveCfg = Debug|x64
		{DB676354-438E-4540-9543-92784E513143}.Debug|x64.Build.0 = Debug|x64
		{DB676354-438E-4540-9543-92784E513143}.Debug|x64.Deploy.0 = Debug|x64
		{DB676354-438E-4540-9543-92784E513143}.Debug|x86.ActiveCfg = Debug|x86
		{DB676354-438E-4540-9543-92784E513143}.Debug|x86.Build.0 = Debug|x86
		{DB676354-438E-4540-9543-92784E513143}.Debug|x86.Deploy.0 = Debug|x86
		{DB676354-438E-4540-9543-92784E513143}.Release|ARM.ActiveCfg = Release|ARM
		{DB676354-438E-4540-9543-92784E513143}.Release|ARM.Build.0 = Release|ARM
		{DB676354-438E-4540-9543-92784E513143}.Release|ARM.Deploy.0 = Release|ARM
		{DB676354-438E-4540-9543-92784E513143}.Release|ARM64.ActiveCfg = Release|ARM64
		{DB676354-438E-4540-9543-92784E513143}.Release|ARM64.Build.0 = Release|ARM64
		{DB676354-438E-4540-9543-92784E513143}.Release|ARM64.Deploy.0 = Release|ARM64
		{DB676354-438E-4540-9543-92784E513143}.Release|x64.ActiveCfg = Release|x64
		{DB676354-438E-4540-9543-92784E513143}.Release|x64.Build.0 = Release|x64
		{DB676354-438E-4540-9543-92784E513143}.Release|x64.Deploy.0 = Release|x64
		{DB676354-438E-4540-9543-92784E513143}.Release|x86.ActiveCfg = Release|x86
		{DB676354-438E-4540-9543-92784E513143}.Release|x86.Build.0 = Release|x86
		{DB676354-438E-4540-9543-92784E513143}.Release|x86.Deploy.0 = Release|x86
	EndGlobalSection
	GlobalSection(SolutionProperties) = preSolution
		HideSolutionNode = FALSE
	EndGlobalSection
	GlobalSection(ExtensibilityGlobals) = postSolution
		SolutionGuid = {407B90D1-2BE2-4333-AE76-7FB23BE585F1}
	EndGlobalSection
EndGlobal
